
Microsoft Visual Studio Solution File, Format Version 12.00
# Visual Studio 15
VisualStudioVersion = 15.0.28307.960
MinimumVisualStudioVersion = 10.0.40219.1
Project("{8BC9CEB8-8B4A-11D0-8D11-00A0C91BC942}") = "MH2Menu", "MH2Menu\MH2Menu.vcxproj", "{61C6A11E-D710-4959-9BD1-A5E391584927}"
EndProject
Global
	GlobalSection(SolutionConfigurationPlatforms) = preSolution
		PSP|x86 = PSP|x86
	EndGlobalSection
	GlobalSection(ProjectConfigurationPlatforms) = postSolution
		{61C6A11E-D710-4959-9BD1-A5E391584927}.PSP|x86.ActiveCfg = mips|Win32
		{61C6A11E-D710-4959-9BD1-A5E391584927}.PSP|x86.Build.0 = mips|Win32
	EndGlobalSection
	GlobalSection(SolutionProperties) = preSolution
		HideSolutionNode = FALSE
	EndGlobalSection
	GlobalSection(ExtensibilityGlobals) = postSolution
		SolutionGuid = {7D7451F9-7A1B-4ABF-9F06-08984930FFB2}
	EndGlobalSection
EndGlobal
